// !$*UTF8*$!
{
	archiveVersion = 1;
	classes = {
	};
	objectVersion = 46;
	objects = {

/* Begin PBXBuildFile section */
		52E247D91A8288C3008A0942 /* main.swift in Sources */ = {isa = PBXBuildFile; fileRef = 52E247D81A8288C3008A0942 /* main.swift */; };
/* End PBXBuildFile section */

/* Begin PBXCopyFilesBuildPhase section */
		52E247D31A8288C3008A0942 /* CopyFiles */ = {
			isa = PBXCopyFilesBuildPhase;
			buildActionMask = 2147483647;
			dstPath = /usr/share/man/man1/;
			dstSubfolderSpec = 0;
			files = (
			);
			runOnlyForDeploymentPostprocessing = 1;
		};
/* End PBXCopyFilesBuildPhase section */

/* Begin PBXFileReference section */
		52E247D51A8288C3008A0942 /* SwiftClassMethodCollision */ = {isa = PBXFileReference; explicitFileType = "compiled.mach-o.executable"; includeInIndex = 0; path = SwiftClassMethodCollision; sourceTree = BUILT_PRODUCTS_DIR; };
		52E247D81A8288C3008A0942 /* main.swift */ = {isa = PBXFileReference; lastKnownFileType = sourcecode.swift; path = main.swift; sourceTree = "<group>"; };
/* End PBXFileReference section */

/* Begin PBXFrameworksBuildPhase section */
		52E247D21A8288C3008A0942 /* Frameworks */ = {
			isa = PBXFrameworksBuildPhase;
			buildActionMask = 2147483647;
			files = (
			);
			runOnlyForDeploymentPostprocessing = 0;
		};
/* End PBXFrameworksBuildPhase section */

/* Begin PBXGroup section */
		52E247CC1A8288C3008A0942 = {
			isa = PBXGroup;
			children = (
				52E247D71A8288C3008A0942 /* SwiftClassMethodCollision */,
				52E247D61A8288C3008A0942 /* Products */,
			);
			sourceTree = "<group>";
		};
		52E247D61A8288C3008A0942 /* Products */ = {
			isa = PBXGroup;
			children = (
				52E247D51A8288C3008A0942 /* SwiftClassMethodCollision */,
			);
			name = Products;
			sourceTree = "<group>";
		};
		52E247D71A8288C3008A0942 /* SwiftClassMethodCollision */ = {
			isa = PBXGroup;
			children = (
				52E247D81A8288C3008A0942 /* main.swift */,
			);
			path = SwiftClassMethodCollision;
			sourceTree = "<group>";
		};
/* End PBXGroup section */

/* Begin PBXNativeTarget section */
		52E247D41A8288C3008A0942 /* SwiftClassMethodCollision */ = {
			isa = PBXNativeTarget;
			buildConfigurationList = 52E247DC1A8288C3008A0942 /* Build configuration list for PBXNativeTarget "SwiftClassMethodCollision" */;
			buildPhases = (
				52E247D11A8288C3008A0942 /* Sources */,
				52E247D21A8288C3008A0942 /* Frameworks */,
				52E247D31A8288C3008A0942 /* CopyFiles */,
			);
			buildRules = (
			);
			dependencies = (
			);
			name = SwiftClassMethodCollision;
			productName = SwiftClassMethodCollision;
			productReference = 52E247D51A8288C3008A0942 /* SwiftClassMethodCollision */;
			productType = "com.apple.product-type.tool";
		};
/* End PBXNativeTarget section */

/* Begin PBXProject section */
		52E247CD1A8288C3008A0942 /* Project object */ = {
			isa = PBXProject;
			attributes = {
				LastUpgradeCheck = 0610;
				ORGANIZATIONNAME = "John Guenin";
				TargetAttributes = {
					52E247D41A8288C3008A0942 = {
						CreatedOnToolsVersion = 6.1.1;
					};
				};
			};
			buildConfigurationList = 52E247D01A8288C3008A0942 /* Build configuration list for PBXProject "SwiftClassMethodCollision" */;
			compatibilityVersion = "Xcode 3.2";
			developmentRegion = English;
			hasScannedForEncodings = 0;
			knownRegions = (
				en,
			);
			mainGroup = 52E247CC1A8288C3008A0942;
			productRefGroup = 52E247D61A8288C3008A0942 /* Products */;
			projectDirPath = "";
			projectRoot = "";
			targets = (
				52E247D41A8288C3008A0942 /* SwiftClassMethodCollision */,
			);
		};
/* End PBXProject section */

/* Begin PBXSourcesBuildPhase section */
		52E247D11A8288C3008A0942 /* Sources */ = {
			isa = PBXSourcesBuildPhase;
			buildActionMask = 2147483647;
			files = (
				52E247D91A8288C3008A0942 /* main.swift in Sources */,
			);
			runOnlyForDeploymentPostprocessing = 0;
		};
/* End PBXSourcesBuildPhase section */

/* Begin XCBuildConfiguration section */
		52E247DA1A8288C3008A0942 /* Debug */ = {
			isa = XCBuildConfiguration;
			buildSettings = {
				ALWAYS_SEARCH_USER_PATHS = NO;
				CLANG_CXX_LANGUAGE_STANDARD = "gnu++0x";
				CLANG_CXX_LIBRARY = "libc++";
				CLANG_ENABLE_MODULES = YES;
				CLANG_ENABLE_OBJC_ARC = YES;
				CLANG_WARN_BOOL_CONVERSION = YES;
				CLANG_WARN_CONSTANT_CONVERSION = YES;
				CLANG_WARN_DIRECT_OBJC_ISA_USAGE = YES_ERROR;
				CLANG_WARN_EMPTY_BODY = YES;
				CLANG_WARN_ENUM_CONVERSION = YES;
				CLANG_WARN_INT_CONVERSION = YES;
				CLANG_WARN_OBJC_ROOT_CLASS = YES_ERROR;
				CLANG_WARN_UNREACHABLE_CODE = YES;
				CLANG_WARN__DUPLICATE_METHOD_MATCH = YES;
				COPY_PHASE_STRIP = NO;
				ENABLE_STRICT_OBJC_MSGSEND = YES;
				GCC_C_LANGUAGE_STANDARD = gnu99;
				GCC_DYNAMIC_NO_PIC = NO;
				GCC_OPTIMIZATION_LEVEL = 0;
				GCC_PREPROCESSOR_DEFINITIONS = (
					"DEBUG=1",
					"$(inherited)",
				);
				GCC_SYMBOLS_PRIVATE_EXTERN = NO;
				GCC_WARN_64_TO_32_BIT_CONVERSION = YES;
				GCC_WARN_ABOUT_RETURN_TYPE = YES_ERROR;
				GCC_WARN_UNDECLARED_SELECTOR = YES;
				GCC_WARN_UNINITIALIZED_AUTOS = YES_AGGRESSIVE;
				GCC_WARN_UNUSED_FUNCTION = YES;
				GCC_WARN_UNUSED_VARIABLE = YES;
				MACOSX_DEPLOYMENT_TARGET = 10.10;
				MTL_ENABLE_DEBUG_INFO = YES;
				ONLY_ACTIVE_ARCH = YES;
				SDKROOT = macosx;
				SWIFT_OPTIMIZATION_LEVEL = "-Onone";
			};
			name = Debug;
		};
		52E247DB1A8288C3008A0942 /* Release */ = {
			isa = XCBuildConfiguration;
			buildSettings = {
				ALWAYS_SEARCH_USER_PATHS = NO;
				CLANG_CXX_LANGUAGE_STANDARD = "gnu++0x";
				CLANG_CXX_LIBRARY = "libc++";
				CLANG_ENABLE_MODULES = YES;
				CLANG_ENABLE_OBJC_ARC = YES;
				CLANG_WARN_BOOL_CONVERSION = YES;
				CLANG_WARN_CONSTANT_CONVERSION = YES;
				CLANG_WARN_DIRECT_OBJC_ISA_USAGE = YES_ERROR;
				CLANG_WARN_EMPTY_BODY = YES;
				CLANG_WARN_ENUM_CONVERSION = YES;
				CLANG_WARN_INT_CONVERSION = YES;
				CLANG_WARN_OBJC_ROOT_CLASS = YES_ERROR;
				CLANG_WARN_UNREACHABLE_CODE = YES;
				CLANG_WARN__DUPLICATE_METHOD_MATCH = YES;
				COPY_PHASE_STRIP = YES;
				DEBUG_INFORMATION_FORMAT = "dwarf-with-dsym";
				ENABLE_NS_ASSERTIONS = NO;
				ENABLE_STRICT_OBJC_MSGSEND = YES;
				GCC_C_LANGUAGE_STANDARD = gnu99;
				GCC_WARN_64_TO_32_BIT_CONVERSION = YES;
				GCC_WARN_ABOUT_RETURN_TYPE = YES_ERROR;
				GCC_WARN_UNDECLARED_SELECTOR = YES;
				GCC_WARN_UNINITIALIZED_AUTOS = YES_AGGRESSIVE;
				GCC_WARN_UNUSED_FUNCTION = YES;
				GCC_WARN_UNUSED_VARIABLE = YES;
				MACOSX_DEPLOYMENT_TARGET = 10.10;
				MTL_ENABLE_DEBUG_INFO = NO;
				SDKROOT = macosx;
			};
			name = Release;
		};
		52E247DD1A8288C3008A0942 /* Debug */ = {
			isa = XCBuildConfiguration;
			buildSettings = {
				PRODUCT_NAME = "$(TARGET_NAME)";
			};
			name = Debug;
		};
		52E247DE1A8288C3008A0942 /* Release */ = {
			isa = XCBuildConfiguration;
			buildSettings = {
				PRODUCT_NAME = "$(TARGET_NAME)";
			};
			name = Release;
		};
/* End XCBuildConfiguration section */

/* Begin XCConfigurationList section */
		52E247D01A8288C3008A0942 /* Build configuration list for PBXProject "SwiftClassMethodCollision" */ = {
			isa = XCConfigurationList;
			buildConfigurations = (
				52E247DA1A8288C3008A0942 /* Debug */,
				52E247DB1A8288C3008A0942 /* Release */,
			);
			defaultConfigurationIsVisible = 0;
			defaultConfigurationName = Release;
		};
		52E247DC1A8288C3008A0942 /* Build configuration list for PBXNativeTarget "SwiftClassMethodCollision" */ = {
			isa = XCConfigurationList;
			buildConfigurations = (
				52E247DD1A8288C3008A0942 /* Debug */,
				52E247DE1A8288C3008A0942 /* Release */,
			);
			defaultConfigurationIsVisible = 0;
		};
/* End XCConfigurationList section */
	};
	rootObject = 52E247CD1A8288C3008A0942 /* Project object */;
}
